
Microsoft Visual Studio Solution File, Format Version 12.00
# Visual Studio Version 17
VisualStudioVersion = 17.5.002.0
MinimumVisualStudioVersion = 10.0.40219.1
Project("{2150E333-8FDC-42A3-9474-1A3956D46DE8}") = "prepare", "prepare", "{867FBBEC-5127-4F9C-A993-0C7A30B49D32}"
EndProject
Project("{9A19103F-16F7-4668-BE54-9A1E7A4F7556}") = "Learning02", "prepare\Learning02\Learning02.csproj", "{C105735B-8F11-4CE9-AF5A-9FAE74E43600}"
EndProject
Project("{9A19103F-16F7-4668-BE54-9A1E7A4F7556}") = "Learning05", "prepare\Learning05\Learning05.csproj", "{2A1B8DA0-6D5C-41F2-8391-09CE08C75FF2}"
EndProject
Project("{9A19103F-16F7-4668-BE54-9A1E7A4F7556}") = "Learning04", "prepare\Learning04\Learning04.csproj", "{2B27D359-3AEF-47D6-90DE-00F5D66F7AB6}"
EndProject
Project("{9A19103F-16F7-4668-BE54-9A1E7A4F7556}") = "Learning03", "prepare\Learning03\Learning03.csproj", "{0F15D317-0596-47E3-9448-E70C63BEE518}"
EndProject
Project("{2150E333-8FDC-42A3-9474-1A3956D46DE8}") = "prove", "prove", "{6FF7CFCD-C87F-46C9-BA7C-D10ABBE445F3}"
EndProject
Project("{9A19103F-16F7-4668-BE54-9A1E7A4F7556}") = "Develop03", "prove\Develop03\Develop03.csproj", "{FC01E846-B83B-4422-9A54-9B2832582F5A}"
EndProject
Project("{9A19103F-16F7-4668-BE54-9A1E7A4F7556}") = "Develop04", "prove\Develop04\Develop04.csproj", "{BAE4FA81-5E9D-447A-81BE-3A0521825394}"
EndProject
Project("{9A19103F-16F7-4668-BE54-9A1E7A4F7556}") = "Develop05", "prove\Develop05\Develop05.csproj", "{76DEC054-1C7A-4E14-AEB8-B35A64BC2E3A}"
EndProject
Project("{9A19103F-16F7-4668-BE54-9A1E7A4F7556}") = "Develop02", "prove\Develop02\Develop02.csproj", "{5B68C5F8-F317-45C6-888C-2456E5B61C93}"
EndProject
Project("{2150E333-8FDC-42A3-9474-1A3956D46DE8}") = "sandbox", "sandbox", "{F8842287-2490-4E17-B16E-70B4587172DE}"
EndProject
Project("{9A19103F-16F7-4668-BE54-9A1E7A4F7556}") = "Sandbox", "sandbox\Sandbox\Sandbox.csproj", "{BCD98FB5-F8F4-4A55-8738-551F85564CF9}"
EndProject
Project("{2150E333-8FDC-42A3-9474-1A3956D46DE8}") = "final", "final", "{B1B44692-0FB8-4460-A0A5-CCB7426CA6A6}"
EndProject
Project("{9A19103F-16F7-4668-BE54-9A1E7A4F7556}") = "FinalProject", "final\FinalProject\FinalProject.csproj", "{80F90957-EF15-4DA1-A8D7-024E466D6BF3}"
EndProject
Project("{9A19103F-16F7-4668-BE54-9A1E7A4F7556}") = "Foundation1", "final\Foundation1\Foundation1.csproj", "{84E5A06F-5A94-4E07-9161-7C498F05B864}"
EndProject
Project("{9A19103F-16F7-4668-BE54-9A1E7A4F7556}") = "Foundation4", "final\Foundation4\Foundation4.csproj", "{1D408421-6D64-4A6A-8B91-931227858A8A}"
EndProject
Project("{9A19103F-16F7-4668-BE54-9A1E7A4F7556}") = "Foundation3", "final\Foundation3\Foundation3.csproj", "{73E93BB4-DB62-48C1-97A4-DBC20ECA0BD9}"
EndProject
Project("{9A19103F-16F7-4668-BE54-9A1E7A4F7556}") = "Foundation2", "final\Foundation2\Foundation2.csproj", "{5E4FAF2A-961D-4C67-8789-BF68217A1558}"
EndProject
Project("{2150E333-8FDC-42A3-9474-1A3956D46DE8}") = "csharp-prep", "csharp-prep", "{8AAB8D90-77A9-4DC6-B33B-23CDC1CE7B64}"
EndProject
Project("{9A19103F-16F7-4668-BE54-9A1E7A4F7556}") = "Prep1", "csharp-prep\Prep1\Prep1.csproj", "{D79CF465-9150-4243-82EE-13C7CB798E46}"
EndProject
Project("{9A19103F-16F7-4668-BE54-9A1E7A4F7556}") = "Prep5", "csharp-prep\Prep5\Prep5.csproj", "{4BD19BEF-328E-4AB8-A120-A68752D05FD1}"
EndProject
Project("{9A19103F-16F7-4668-BE54-9A1E7A4F7556}") = "Prep2", "csharp-prep\Prep2\Prep2.csproj", "{53A7549A-0358-4CA4-B932-7B6D97D9DF5B}"
EndProject
Project("{9A19103F-16F7-4668-BE54-9A1E7A4F7556}") = "Prep3", "csharp-prep\Prep3\Prep3.csproj", "{E14E3ABA-9D95-4BB3-BBAC-0B0D21BDCE6D}"
EndProject
Project("{9A19103F-16F7-4668-BE54-9A1E7A4F7556}") = "Prep4", "csharp-prep\Prep4\Prep4.csproj", "{5FAE151A-0159-4143-8BAA-55B6136F7DAA}"
EndProject
Global
	GlobalSection(SolutionConfigurationPlatforms) = preSolution
		Debug|Any CPU = Debug|Any CPU
		Release|Any CPU = Release|Any CPU
	EndGlobalSection
	GlobalSection(ProjectConfigurationPlatforms) = postSolution
		{C105735B-8F11-4CE9-AF5A-9FAE74E43600}.Debug|Any CPU.ActiveCfg = Debug|Any CPU
		{C105735B-8F11-4CE9-AF5A-9FAE74E43600}.Debug|Any CPU.Build.0 = Debug|Any CPU
		{C105735B-8F11-4CE9-AF5A-9FAE74E43600}.Release|Any CPU.ActiveCfg = Release|Any CPU
		{C105735B-8F11-4CE9-AF5A-9FAE74E43600}.Release|Any CPU.Build.0 = Release|Any CPU
		{2A1B8DA0-6D5C-41F2-8391-09CE08C75FF2}.Debug|Any CPU.ActiveCfg = Debug|Any CPU
		{2A1B8DA0-6D5C-41F2-8391-09CE08C75FF2}.Debug|Any CPU.Build.0 = Debug|Any CPU
		{2A1B8DA0-6D5C-41F2-8391-09CE08C75FF2}.Release|Any CPU.ActiveCfg = Release|Any CPU
		{2A1B8DA0-6D5C-41F2-8391-09CE08C75FF2}.Release|Any CPU.Build.0 = Release|Any CPU
		{2B27D359-3AEF-47D6-90DE-00F5D66F7AB6}.Debug|Any CPU.ActiveCfg = Debug|Any CPU
		{2B27D359-3AEF-47D6-90DE-00F5D66F7AB6}.Debug|Any CPU.Build.0 = Debug|Any CPU
		{2B27D359-3AEF-47D6-90DE-00F5D66F7AB6}.Release|Any CPU.ActiveCfg = Release|Any CPU
		{2B27D359-3AEF-47D6-90DE-00F5D66F7AB6}.Release|Any CPU.Build.0 = Release|Any CPU
		{0F15D317-0596-47E3-9448-E70C63BEE518}.Debug|Any CPU.ActiveCfg = Debug|Any CPU
		{0F15D317-0596-47E3-9448-E70C63BEE518}.Debug|Any CPU.Build.0 = Debug|Any CPU
		{0F15D317-0596-47E3-9448-E70C63BEE518}.Release|Any CPU.ActiveCfg = Release|Any CPU
		{0F15D317-0596-47E3-9448-E70C63BEE518}.Release|Any CPU.Build.0 = Release|Any CPU
		{FC01E846-B83B-4422-9A54-9B2832582F5A}.Debug|Any CPU.ActiveCfg = Debug|Any CPU
		{FC01E846-B83B-4422-9A54-9B2832582F5A}.Debug|Any CPU.Build.0 = Debug|Any CPU
		{FC01E846-B83B-4422-9A54-9B2832582F5A}.Release|Any CPU.ActiveCfg = Release|Any CPU
		{FC01E846-B83B-4422-9A54-9B2832582F5A}.Release|Any CPU.Build.0 = Release|Any CPU
		{BAE4FA81-5E9D-447A-81BE-3A0521825394}.Debug|Any CPU.ActiveCfg = Debug|Any CPU
		{BAE4FA81-5E9D-447A-81BE-3A0521825394}.Debug|Any CPU.Build.0 = Debug|Any CPU
		{BAE4FA81-5E9D-447A-81BE-3A0521825394}.Release|Any CPU.ActiveCfg = Release|Any CPU
		{BAE4FA81-5E9D-447A-81BE-3A0521825394}.Release|Any CPU.Build.0 = Release|Any CPU
		{76DEC054-1C7A-4E14-AEB8-B35A64BC2E3A}.Debug|Any CPU.ActiveCfg = Debug|Any CPU
		{76DEC054-1C7A-4E14-AEB8-B35A64BC2E3A}.Debug|Any CPU.Build.0 = Debug|Any CPU
		{76DEC054-1C7A-4E14-AEB8-B35A64BC2E3A}.Release|Any CPU.ActiveCfg = Release|Any CPU
		{76DEC054-1C7A-4E14-AEB8-B35A64BC2E3A}.Release|Any CPU.Build.0 = Release|Any CPU
		{5B68C5F8-F317-45C6-888C-2456E5B61C93}.Debug|Any CPU.ActiveCfg = Debug|Any CPU
		{5B68C5F8-F317-45C6-888C-2456E5B61C93}.Debug|Any CPU.Build.0 = Debug|Any CPU
		{5B68C5F8-F317-45C6-888C-2456E5B61C93}.Release|Any CPU.ActiveCfg = Release|Any CPU
		{5B68C5F8-F317-45C6-888C-2456E5B61C93}.Release|Any CPU.Build.0 = Release|Any CPU
		{BCD98FB5-F8F4-4A55-8738-551F85564CF9}.Debug|Any CPU.ActiveCfg = Debug|Any CPU
		{BCD98FB5-F8F4-4A55-8738-551F85564CF9}.Debug|Any CPU.Build.0 = Debug|Any CPU
		{BCD98FB5-F8F4-4A55-8738-551F85564CF9}.Release|Any CPU.ActiveCfg = Release|Any CPU
		{BCD98FB5-F8F4-4A55-8738-551F85564CF9}.Release|Any CPU.Build.0 = Release|Any CPU
		{80F90957-EF15-4DA1-A8D7-024E466D6BF3}.Debug|Any CPU.ActiveCfg = Debug|Any CPU
		{80F90957-EF15-4DA1-A8D7-024E466D6BF3}.Debug|Any CPU.Build.0 = Debug|Any CPU
		{80F90957-EF15-4DA1-A8D7-024E466D6BF3}.Release|Any CPU.ActiveCfg = Release|Any CPU
		{80F90957-EF15-4DA1-A8D7-024E466D6BF3}.Release|Any CPU.Build.0 = Release|Any CPU
		{84E5A06F-5A94-4E07-9161-7C498F05B864}.Debug|Any CPU.ActiveCfg = Debug|Any CPU
		{84E5A06F-5A94-4E07-9161-7C498F05B864}.Debug|Any CPU.Build.0 = Debug|Any CPU
		{84E5A06F-5A94-4E07-9161-7C498F05B864}.Release|Any CPU.ActiveCfg = Release|Any CPU
		{84E5A06F-5A94-4E07-9161-7C498F05B864}.Release|Any CPU.Build.0 = Release|Any CPU
		{1D408421-6D64-4A6A-8B91-931227858A8A}.Debug|Any CPU.ActiveCfg = Debug|Any CPU
		{1D408421-6D64-4A6A-8B91-931227858A8A}.Debug|Any CPU.Build.0 = Debug|Any CPU
		{1D408421-6D64-4A6A-8B91-931227858A8A}.Release|Any CPU.ActiveCfg = Release|Any CPU
		{1D408421-6D64-4A6A-8B91-931227858A8A}.Release|Any CPU.Build.0 = Release|Any CPU
		{73E93BB4-DB62-48C1-97A4-DBC20ECA0BD9}.Debug|Any CPU.ActiveCfg = Debug|Any CPU
		{73E93BB4-DB62-48C1-97A4-DBC20ECA0BD9}.Debug|Any CPU.Build.0 = Debug|Any CPU
		{73E93BB4-DB62-48C1-97A4-DBC20ECA0BD9}.Release|Any CPU.ActiveCfg = Release|Any CPU
		{73E93BB4-DB62-48C1-97A4-DBC20ECA0BD9}.Release|Any CPU.Build.0 = Release|Any CPU
		{5E4FAF2A-961D-4C67-8789-BF68217A1558}.Debug|Any CPU.ActiveCfg = Debug|Any CPU
		{5E4FAF2A-961D-4C67-8789-BF68217A1558}.Debug|Any CPU.Build.0 = Debug|Any CPU
		{5E4FAF2A-961D-4C67-8789-BF68217A1558}.Release|Any CPU.ActiveCfg = Release|Any CPU
		{5E4FAF2A-961D-4C67-8789-BF68217A1558}.Release|Any CPU.Build.0 = Release|Any CPU
		{D79CF465-9150-4243-82EE-13C7CB798E46}.Debug|Any CPU.ActiveCfg = Debug|Any CPU
		{D79CF465-9150-4243-82EE-13C7CB798E46}.Debug|Any CPU.Build.0 = Debug|Any CPU
		{D79CF465-9150-4243-82EE-13C7CB798E46}.Release|Any CPU.ActiveCfg = Release|Any CPU
		{D79CF465-9150-4243-82EE-13C7CB798E46}.Release|Any CPU.Build.0 = Release|Any CPU
		{4BD19BEF-328E-4AB8-A120-A68752D05FD1}.Debug|Any CPU.ActiveCfg = Debug|Any CPU
		{4BD19BEF-328E-4AB8-A120-A68752D05FD1}.Debug|Any CPU.Build.0 = Debug|Any CPU
		{4BD19BEF-328E-4AB8-A120-A68752D05FD1}.Release|Any CPU.ActiveCfg = Release|Any CPU
		{4BD19BEF-328E-4AB8-A120-A68752D05FD1}.Release|Any CPU.Build.0 = Release|Any CPU
		{53A7549A-0358-4CA4-B932-7B6D97D9DF5B}.Debug|Any CPU.ActiveCfg = Debug|Any CPU
		{53A7549A-0358-4CA4-B932-7B6D97D9DF5B}.Debug|Any CPU.Build.0 = Debug|Any CPU
		{53A7549A-0358-4CA4-B932-7B6D97D9DF5B}.Release|Any CPU.ActiveCfg = Release|Any CPU
		{53A7549A-0358-4CA4-B932-7B6D97D9DF5B}.Release|Any CPU.Build.0 = Release|Any CPU
		{E14E3ABA-9D95-4BB3-BBAC-0B0D21BDCE6D}.Debug|Any CPU.ActiveCfg = Debug|Any CPU
		{E14E3ABA-9D95-4BB3-BBAC-0B0D21BDCE6D}.Debug|Any CPU.Build.0 = Debug|Any CPU
		{E14E3ABA-9D95-4BB3-BBAC-0B0D21BDCE6D}.Release|Any CPU.ActiveCfg = Release|Any CPU
		{E14E3ABA-9D95-4BB3-BBAC-0B0D21BDCE6D}.Release|Any CPU.Build.0 = Release|Any CPU
		{5FAE151A-0159-4143-8BAA-55B6136F7DAA}.Debug|Any CPU.ActiveCfg = Debug|Any CPU
		{5FAE151A-0159-4143-8BAA-55B6136F7DAA}.Debug|Any CPU.Build.0 = Debug|Any CPU
		{5FAE151A-0159-4143-8BAA-55B6136F7DAA}.Release|Any CPU.ActiveCfg = Release|Any CPU
		{5FAE151A-0159-4143-8BAA-55B6136F7DAA}.Release|Any CPU.Build.0 = Release|Any CPU
	EndGlobalSection
	GlobalSection(SolutionProperties) = preSolution
		HideSolutionNode = FALSE
	EndGlobalSection
	GlobalSection(NestedProjects) = preSolution
		{C105735B-8F11-4CE9-AF5A-9FAE74E43600} = {867FBBEC-5127-4F9C-A993-0C7A30B49D32}
		{2A1B8DA0-6D5C-41F2-8391-09CE08C75FF2} = {867FBBEC-5127-4F9C-A993-0C7A30B49D32}
		{2B27D359-3AEF-47D6-90DE-00F5D66F7AB6} = {867FBBEC-5127-4F9C-A993-0C7A30B49D32}
		{0F15D317-0596-47E3-9448-E70C63BEE518} = {867FBBEC-5127-4F9C-A993-0C7A30B49D32}
		{FC01E846-B83B-4422-9A54-9B2832582F5A} = {6FF7CFCD-C87F-46C9-BA7C-D10ABBE445F3}
		{BAE4FA81-5E9D-447A-81BE-3A0521825394} = {6FF7CFCD-C87F-46C9-BA7C-D10ABBE445F3}
		{76DEC054-1C7A-4E14-AEB8-B35A64BC2E3A} = {6FF7CFCD-C87F-46C9-BA7C-D10ABBE445F3}
		{5B68C5F8-F317-45C6-888C-2456E5B61C93} = {6FF7CFCD-C87F-46C9-BA7C-D10ABBE445F3}
		{BCD98FB5-F8F4-4A55-8738-551F85564CF9} = {F8842287-2490-4E17-B16E-70B4587172DE}
		{80F90957-EF15-4DA1-A8D7-024E466D6BF3} = {B1B44692-0FB8-4460-A0A5-CCB7426CA6A6}
		{84E5A06F-5A94-4E07-9161-7C498F05B864} = {B1B44692-0FB8-4460-A0A5-CCB7426CA6A6}
		{1D408421-6D64-4A6A-8B91-931227858A8A} = {B1B44692-0FB8-4460-A0A5-CCB7426CA6A6}
		{73E93BB4-DB62-48C1-97A4-DBC20ECA0BD9} = {B1B44692-0FB8-4460-A0A5-CCB7426CA6A6}
		{5E4FAF2A-961D-4C67-8789-BF68217A1558} = {B1B44692-0FB8-4460-A0A5-CCB7426CA6A6}
		{D79CF465-9150-4243-82EE-13C7CB798E46} = {8AAB8D90-77A9-4DC6-B33B-23CDC1CE7B64}
		{4BD19BEF-328E-4AB8-A120-A68752D05FD1} = {8AAB8D90-77A9-4DC6-B33B-23CDC1CE7B64}
		{53A7549A-0358-4CA4-B932-7B6D97D9DF5B} = {8AAB8D90-77A9-4DC6-B33B-23CDC1CE7B64}
		{E14E3ABA-9D95-4BB3-BBAC-0B0D21BDCE6D} = {8AAB8D90-77A9-4DC6-B33B-23CDC1CE7B64}
		{5FAE151A-0159-4143-8BAA-55B6136F7DAA} = {8AAB8D90-77A9-4DC6-B33B-23CDC1CE7B64}
	EndGlobalSection
	GlobalSection(ExtensibilityGlobals) = postSolution
		SolutionGuid = {9D1BF1DD-62E8-4914-A460-98752B6A950B}
	EndGlobalSection
EndGlobal
